
Microsoft Visual Studio Solution File, Format Version 12.00
# Visual Studio Version 16
VisualStudioVersion = 16.0.30611.23
MinimumVisualStudioVersion = 10.0.40219.1
Project("{FAE04EC0-301F-11D3-BF4B-00C04F79EFBC}") = "TEST_DEV_FRANCISCOMORAPEREZ_20052021", "TEST_DEV_FRANCISCOMORAPEREZ_20052021\TEST_DEV_FRANCISCOMORAPEREZ_20052021.csproj", "{8B5C1FA2-EA1C-4A8C-94D5-D1DA25C76846}"
EndProject
Global
	GlobalSection(SolutionConfigurationPlatforms) = preSolution
		Debug|Any CPU = Debug|Any CPU
		Release|Any CPU = Release|Any CPU
	EndGlobalSection
	GlobalSection(ProjectConfigurationPlatforms) = postSolution
		{8B5C1FA2-EA1C-4A8C-94D5-D1DA25C76846}.Debug|Any CPU.ActiveCfg = Debug|Any CPU
		{8B5C1FA2-EA1C-4A8C-94D5-D1DA25C76846}.Debug|Any CPU.Build.0 = Debug|Any CPU
		{8B5C1FA2-EA1C-4A8C-94D5-D1DA25C76846}.Release|Any CPU.ActiveCfg = Release|Any CPU
		{8B5C1FA2-EA1C-4A8C-94D5-D1DA25C76846}.Release|Any CPU.Build.0 = Release|Any CPU
	EndGlobalSection
	GlobalSection(SolutionProperties) = preSolution
		HideSolutionNode = FALSE
	EndGlobalSection
	GlobalSection(ExtensibilityGlobals) = postSolution
		SolutionGuid = {5F7FC500-ACB4-4C97-BC48-CF2F3B254158}
	EndGlobalSection
EndGlobal
